resolved_at: 2026-03-18T12:22:05.691Z
project_slug: evskill
packs:
  - id: eve-skillpacks
    source: ./
    ref: 18df68f6cb4008827e3fee65cf294f11e8dc7aed
    pack_version: 1
effective:
  agents_count: 0
  teams_count: 0
  routes_count: 0
  profiles_count: 0
  agents_hash: 00000f62
  teams_hash: 52ae42b5
  chat_hash: 6eace17b
